
Microsoft Visual Studio Solution File, Format Version 12.00
# Visual Studio Version 16
VisualStudioVersion = 16.0.32407.337
MinimumVisualStudioVersion = 10.0.40219.1
Project("{8BC9CEB8-8B4A-11D0-8D11-00A0C91BC942}") = "CCF", "CCF\CCF.vcxproj", "{429B067B-9990-4030-AEA3-F00F057771BA}"
	ProjectSection(ProjectDependencies) = postProject
		{B2B41D42-0F46-42CE-A970-96C2C7E90382} = {B2B41D42-0F46-42CE-A970-96C2C7E90382}
	EndProjectSection
EndProject
Project("{8BC9CEB8-8B4A-11D0-8D11-00A0C91BC942}") = "StackInfo", "StackInfo\StackInfo.vcxproj", "{B2B41D42-0F46-42CE-A970-96C2C7E90382}"
EndProject
Project("{8BC9CEB8-8B4A-11D0-8D11-00A0C91BC942}") = "TestCode", "TestCode\TestCode.vcxproj", "{E7128F3A-0A0A-4F06-8F27-C07ED26D8F42}"
	ProjectSection(ProjectDependencies) = postProject
		{3783F77D-C475-40DB-BB37-EFA5E5B0C79F} = {3783F77D-C475-40DB-BB37-EFA5E5B0C79F}
	EndProjectSection
EndProject
Project("{8BC9CEB8-8B4A-11D0-8D11-00A0C91BC942}") = "libCL", "libCL\libCL.vcxproj", "{3DEB14C6-1481-4FB1-AE28-88AF41005A80}"
EndProject
Project("{8BC9CEB8-8B4A-11D0-8D11-00A0C91BC942}") = "libWL", "libWL\libWL.vcxproj", "{807ED9ED-4BB9-4F25-8D0D-6C4031A20412}"
	ProjectSection(ProjectDependencies) = postProject
		{3DEB14C6-1481-4FB1-AE28-88AF41005A80} = {3DEB14C6-1481-4FB1-AE28-88AF41005A80}
	EndProjectSection
EndProject
Project("{8BC9CEB8-8B4A-11D0-8D11-00A0C91BC942}") = "Dism", "Dism\Dism.vcxproj", "{3783F77D-C475-40DB-BB37-EFA5E5B0C79F}"
	ProjectSection(ProjectDependencies) = postProject
		{3DEB14C6-1481-4FB1-AE28-88AF41005A80} = {3DEB14C6-1481-4FB1-AE28-88AF41005A80}
		{807ED9ED-4BB9-4F25-8D0D-6C4031A20412} = {807ED9ED-4BB9-4F25-8D0D-6C4031A20412}
	EndProjectSection
EndProject
Project("{8BC9CEB8-8B4A-11D0-8D11-00A0C91BC942}") = "TestDism", "TestDism\TestDism.vcxproj", "{4E0B56D3-BEB6-4BF9-81FF-1FA7A315C397}"
EndProject
Global
	GlobalSection(SolutionConfigurationPlatforms) = preSolution
		Condition|x64 = Condition|x64
		Condition|x86 = Condition|x86
		Debug|x64 = Debug|x64
		Debug|x86 = Debug|x86
		Release|x64 = Release|x64
		Release|x86 = Release|x86
	EndGlobalSection
	GlobalSection(ProjectConfigurationPlatforms) = postSolution
		{429B067B-9990-4030-AEA3-F00F057771BA}.Condition|x64.ActiveCfg = Condition|x64
		{429B067B-9990-4030-AEA3-F00F057771BA}.Condition|x64.Build.0 = Condition|x64
		{429B067B-9990-4030-AEA3-F00F057771BA}.Condition|x86.ActiveCfg = Condition|x64
		{429B067B-9990-4030-AEA3-F00F057771BA}.Condition|x86.Build.0 = Condition|x64
		{429B067B-9990-4030-AEA3-F00F057771BA}.Debug|x64.ActiveCfg = Debug|x64
		{429B067B-9990-4030-AEA3-F00F057771BA}.Debug|x64.Build.0 = Debug|x64
		{429B067B-9990-4030-AEA3-F00F057771BA}.Debug|x86.ActiveCfg = Debug|Win32
		{429B067B-9990-4030-AEA3-F00F057771BA}.Debug|x86.Build.0 = Debug|Win32
		{429B067B-9990-4030-AEA3-F00F057771BA}.Release|x64.ActiveCfg = Release|x64
		{429B067B-9990-4030-AEA3-F00F057771BA}.Release|x64.Build.0 = Release|x64
		{429B067B-9990-4030-AEA3-F00F057771BA}.Release|x86.ActiveCfg = Release|Win32
		{429B067B-9990-4030-AEA3-F00F057771BA}.Release|x86.Build.0 = Release|Win32
		{B2B41D42-0F46-42CE-A970-96C2C7E90382}.Condition|x64.ActiveCfg = Condition|x64
		{B2B41D42-0F46-42CE-A970-96C2C7E90382}.Condition|x64.Build.0 = Condition|x64
		{B2B41D42-0F46-42CE-A970-96C2C7E90382}.Condition|x86.ActiveCfg = Condition|x64
		{B2B41D42-0F46-42CE-A970-96C2C7E90382}.Condition|x86.Build.0 = Condition|x64
		{B2B41D42-0F46-42CE-A970-96C2C7E90382}.Debug|x64.ActiveCfg = Debug|x64
		{B2B41D42-0F46-42CE-A970-96C2C7E90382}.Debug|x64.Build.0 = Debug|x64
		{B2B41D42-0F46-42CE-A970-96C2C7E90382}.Debug|x86.ActiveCfg = Debug|Win32
		{B2B41D42-0F46-42CE-A970-96C2C7E90382}.Debug|x86.Build.0 = Debug|Win32
		{B2B41D42-0F46-42CE-A970-96C2C7E90382}.Release|x64.ActiveCfg = Release|x64
		{B2B41D42-0F46-42CE-A970-96C2C7E90382}.Release|x64.Build.0 = Release|x64
		{B2B41D42-0F46-42CE-A970-96C2C7E90382}.Release|x86.ActiveCfg = Release|Win32
		{B2B41D42-0F46-42CE-A970-96C2C7E90382}.Release|x86.Build.0 = Release|Win32
		{E7128F3A-0A0A-4F06-8F27-C07ED26D8F42}.Condition|x64.ActiveCfg = Release|x64
		{E7128F3A-0A0A-4F06-8F27-C07ED26D8F42}.Condition|x64.Build.0 = Release|x64
		{E7128F3A-0A0A-4F06-8F27-C07ED26D8F42}.Condition|x86.ActiveCfg = Release|Win32
		{E7128F3A-0A0A-4F06-8F27-C07ED26D8F42}.Condition|x86.Build.0 = Release|Win32
		{E7128F3A-0A0A-4F06-8F27-C07ED26D8F42}.Debug|x64.ActiveCfg = Debug|x64
		{E7128F3A-0A0A-4F06-8F27-C07ED26D8F42}.Debug|x64.Build.0 = Debug|x64
		{E7128F3A-0A0A-4F06-8F27-C07ED26D8F42}.Debug|x86.ActiveCfg = Debug|Win32
		{E7128F3A-0A0A-4F06-8F27-C07ED26D8F42}.Debug|x86.Build.0 = Debug|Win32
		{E7128F3A-0A0A-4F06-8F27-C07ED26D8F42}.Release|x64.ActiveCfg = Release|x64
		{E7128F3A-0A0A-4F06-8F27-C07ED26D8F42}.Release|x64.Build.0 = Release|x64
		{E7128F3A-0A0A-4F06-8F27-C07ED26D8F42}.Release|x86.ActiveCfg = Release|Win32
		{E7128F3A-0A0A-4F06-8F27-C07ED26D8F42}.Release|x86.Build.0 = Release|Win32
		{3DEB14C6-1481-4FB1-AE28-88AF41005A80}.Condition|x64.ActiveCfg = Condition|x64
		{3DEB14C6-1481-4FB1-AE28-88AF41005A80}.Condition|x64.Build.0 = Condition|x64
		{3DEB14C6-1481-4FB1-AE28-88AF41005A80}.Condition|x86.ActiveCfg = Condition|x64
		{3DEB14C6-1481-4FB1-AE28-88AF41005A80}.Condition|x86.Build.0 = Condition|x64
		{3DEB14C6-1481-4FB1-AE28-88AF41005A80}.Debug|x64.ActiveCfg = Debug|x64
		{3DEB14C6-1481-4FB1-AE28-88AF41005A80}.Debug|x64.Build.0 = Debug|x64
		{3DEB14C6-1481-4FB1-AE28-88AF41005A80}.Debug|x86.ActiveCfg = Debug|x64
		{3DEB14C6-1481-4FB1-AE28-88AF41005A80}.Debug|x86.Build.0 = Debug|x64
		{3DEB14C6-1481-4FB1-AE28-88AF41005A80}.Release|x64.ActiveCfg = Release|x64
		{3DEB14C6-1481-4FB1-AE28-88AF41005A80}.Release|x64.Build.0 = Release|x64
		{3DEB14C6-1481-4FB1-AE28-88AF41005A80}.Release|x86.ActiveCfg = Release|x64
		{3DEB14C6-1481-4FB1-AE28-88AF41005A80}.Release|x86.Build.0 = Release|x64
		{807ED9ED-4BB9-4F25-8D0D-6C4031A20412}.Condition|x64.ActiveCfg = Condition|x64
		{807ED9ED-4BB9-4F25-8D0D-6C4031A20412}.Condition|x64.Build.0 = Condition|x64
		{807ED9ED-4BB9-4F25-8D0D-6C4031A20412}.Condition|x86.ActiveCfg = Condition|x64
		{807ED9ED-4BB9-4F25-8D0D-6C4031A20412}.Condition|x86.Build.0 = Condition|x64
		{807ED9ED-4BB9-4F25-8D0D-6C4031A20412}.Debug|x64.ActiveCfg = Debug|x64
		{807ED9ED-4BB9-4F25-8D0D-6C4031A20412}.Debug|x64.Build.0 = Debug|x64
		{807ED9ED-4BB9-4F25-8D0D-6C4031A20412}.Debug|x86.ActiveCfg = Debug|x64
		{807ED9ED-4BB9-4F25-8D0D-6C4031A20412}.Debug|x86.Build.0 = Debug|x64
		{807ED9ED-4BB9-4F25-8D0D-6C4031A20412}.Release|x64.ActiveCfg = Release|x64
		{807ED9ED-4BB9-4F25-8D0D-6C4031A20412}.Release|x64.Build.0 = Release|x64
		{807ED9ED-4BB9-4F25-8D0D-6C4031A20412}.Release|x86.ActiveCfg = Release|x64
		{807ED9ED-4BB9-4F25-8D0D-6C4031A20412}.Release|x86.Build.0 = Release|x64
		{3783F77D-C475-40DB-BB37-EFA5E5B0C79F}.Condition|x64.ActiveCfg = Debug|x64
		{3783F77D-C475-40DB-BB37-EFA5E5B0C79F}.Condition|x64.Build.0 = Debug|x64
		{3783F77D-C475-40DB-BB37-EFA5E5B0C79F}.Condition|x86.ActiveCfg = Debug|Win32
		{3783F77D-C475-40DB-BB37-EFA5E5B0C79F}.Condition|x86.Build.0 = Debug|Win32
		{3783F77D-C475-40DB-BB37-EFA5E5B0C79F}.Debug|x64.ActiveCfg = Debug|x64
		{3783F77D-C475-40DB-BB37-EFA5E5B0C79F}.Debug|x64.Build.0 = Debug|x64
		{3783F77D-C475-40DB-BB37-EFA5E5B0C79F}.Debug|x86.ActiveCfg = Debug|Win32
		{3783F77D-C475-40DB-BB37-EFA5E5B0C79F}.Debug|x86.Build.0 = Debug|Win32
		{3783F77D-C475-40DB-BB37-EFA5E5B0C79F}.Release|x64.ActiveCfg = Release|x64
		{3783F77D-C475-40DB-BB37-EFA5E5B0C79F}.Release|x64.Build.0 = Release|x64
		{3783F77D-C475-40DB-BB37-EFA5E5B0C79F}.Release|x86.ActiveCfg = Release|Win32
		{3783F77D-C475-40DB-BB37-EFA5E5B0C79F}.Release|x86.Build.0 = Release|Win32
		{4E0B56D3-BEB6-4BF9-81FF-1FA7A315C397}.Condition|x64.ActiveCfg = Debug|x64
		{4E0B56D3-BEB6-4BF9-81FF-1FA7A315C397}.Condition|x64.Build.0 = Debug|x64
		{4E0B56D3-BEB6-4BF9-81FF-1FA7A315C397}.Condition|x86.ActiveCfg = Debug|Win32
		{4E0B56D3-BEB6-4BF9-81FF-1FA7A315C397}.Condition|x86.Build.0 = Debug|Win32
		{4E0B56D3-BEB6-4BF9-81FF-1FA7A315C397}.Debug|x64.ActiveCfg = Debug|x64
		{4E0B56D3-BEB6-4BF9-81FF-1FA7A315C397}.Debug|x64.Build.0 = Debug|x64
		{4E0B56D3-BEB6-4BF9-81FF-1FA7A315C397}.Debug|x86.ActiveCfg = Debug|Win32
		{4E0B56D3-BEB6-4BF9-81FF-1FA7A315C397}.Debug|x86.Build.0 = Debug|Win32
		{4E0B56D3-BEB6-4BF9-81FF-1FA7A315C397}.Release|x64.ActiveCfg = Release|x64
		{4E0B56D3-BEB6-4BF9-81FF-1FA7A315C397}.Release|x64.Build.0 = Release|x64
		{4E0B56D3-BEB6-4BF9-81FF-1FA7A315C397}.Release|x86.ActiveCfg = Release|Win32
		{4E0B56D3-BEB6-4BF9-81FF-1FA7A315C397}.Release|x86.Build.0 = Release|Win32
	EndGlobalSection
	GlobalSection(SolutionProperties) = preSolution
		HideSolutionNode = FALSE
	EndGlobalSection
	GlobalSection(ExtensibilityGlobals) = postSolution
		SolutionGuid = {162114A2-04DE-4F35-97CC-85B38EF72A93}
	EndGlobalSection
EndGlobal
