<?xml version="1.0" encoding="utf-8"?>
<Project ToolsVersion="4.0" xmlns="http://schemas.microsoft.com/developer/msbuild/2003">
  <ItemGroup>
    <Filter Include="Header Files">
      <UniqueIdentifier>{93995380-89BD-4b04-88EB-625FBE52EBFB}</UniqueIdentifier>
      <Extensions>h;hh;hpp;hxx;h++;hm;inl;inc;ipp;xsd</Extensions>
    </Filter>
    <Filter Include="Resource Files">
      <UniqueIdentifier>{67DA6AB6-F800-4c08-8B7A-83BB121AAD01}</UniqueIdentifier>
      <Extensions>rc;ico;cur;bmp;dlg;rc2;rct;bin;rgs;gif;jpg;jpeg;jpe;resx;tiff;tif;png;wav;mfcribbon-ms</Extensions>
    </Filter>
  </ItemGroup>
  <ItemGroup>
    <ClCompile Include="base\src\str.cpp" />
    <ClCompile Include="base\src\mem.cpp" />
    <ClCompile Include="base\src\time.cpp" />
    <ClCompile Include="base\src\exception.cpp" />
  </ItemGroup>
  <ItemGroup>
    <ClInclude Include="base\1config.h">
      <Filter>Header Files</Filter>
    </ClInclude>
    <ClInclude Include="base\2type.h">
      <Filter>Header Files</Filter>
    </ClInclude>
    <ClInclude Include="base\3type_traits.h">
      <Filter>Header Files</Filter>
    </ClInclude>
    <ClInclude Include="base\6val.h">
      <Filter>Header Files</Filter>
    </ClInclude>
    <ClInclude Include="base\4concept.h">
      <Filter>Header Files</Filter>
    </ClInclude>
    <ClInclude Include="base\7mem.h">
      <Filter>Header Files</Filter>
    </ClInclude>
    <ClInclude Include="base\8str.h">
      <Filter>Header Files</Filter>
    </ClInclude>
    <ClInclude Include="base\11call.h">
      <Filter>Header Files</Filter>
    </ClInclude>
    <ClInclude Include="base\10ptr.h">
      <Filter>Header Files</Filter>
    </ClInclude>
    <ClInclude Include="base\9obj.h">
      <Filter>Header Files</Filter>
    </ClInclude>
    <ClInclude Include="base\12time.h">
      <Filter>Header Files</Filter>
    </ClInclude>
    <ClInclude Include="base\5exception.h">
      <Filter>Header Files</Filter>
    </ClInclude>
    <ClInclude Include="set\2arr.h">
      <Filter>Header Files</Filter>
    </ClInclude>
    <ClInclude Include="set\3list.h">
      <Filter>Header Files</Filter>
    </ClInclude>
    <ClInclude Include="set\4heap.h">
      <Filter>Header Files</Filter>
    </ClInclude>
    <ClInclude Include="set\5map.h">
      <Filter>Header Files</Filter>
    </ClInclude>
    <ClInclude Include="set\1base.h">
      <Filter>Header Files</Filter>
    </ClInclude>
    <ClInclude Include="set\6mix_obj.h">
      <Filter>Header Files</Filter>
    </ClInclude>
  </ItemGroup>
  <ItemGroup>
    <Natvis Include="base\src\base.natvis" />
    <Natvis Include="set\set.natvis" />
  </ItemGroup>
</Project>